<?xml version="1.0" encoding="utf-8"?>
<Project ToolsVersion="4.0" xmlns="http://schemas.microsoft.com/developer/msbuild/2003">
  <ItemGroup>
    <Filter Include="Source Files">
      <UniqueIdentifier>{4FC737F1-C7A5-4376-A066-2A32D752A2FF}</UniqueIdentifier>
      <Extensions>cpp;c;cc;cxx;c++;cppm;ixx;def;odl;idl;hpj;bat;asm;asmx</Extensions>
    </Filter>
    <Filter Include="Header Files">
      <UniqueIdentifier>{93995380-89BD-4b04-88EB-625FBE52EBFB}</UniqueIdentifier>
      <Extensions>h;hh;hpp;hxx;h++;hm;inl;inc;ipp;xsd</Extensions>
    </Filter>
    <Filter Include="Resource Files">
      <UniqueIdentifier>{67DA6AB6-F800-4c08-8B7A-83BB121AAD01}</UniqueIdentifier>
      <Extensions>rc;ico;cur;bmp;dlg;rc2;rct;bin;rgs;gif;jpg;jpeg;jpe;resx;tiff;tif;png;wav;mfcribbon-ms</Extensions>
    </Filter>
    <Filter Include="Header Files\audio">
      <UniqueIdentifier>{ac500569-afd3-4c83-a8f4-7e32c5fb0069}</UniqueIdentifier>
    </Filter>
    <Filter Include="Source Files\audio">
      <UniqueIdentifier>{445b5ee7-9db8-4aa4-a06d-76b9e609aba7}</UniqueIdentifier>
    </Filter>
    <Filter Include="Header Files\graphics">
      <UniqueIdentifier>{1a69f335-56c6-459d-b8b7-937b7c224859}</UniqueIdentifier>
    </Filter>
    <Filter Include="Source Files\graphics">
      <UniqueIdentifier>{2fb03641-b045-4be2-af69-1f0af81f4da7}</UniqueIdentifier>
    </Filter>
    <Filter Include="Resource Files\shaders">
      <UniqueIdentifier>{f5f8bc69-77f1-4300-8477-2b89a3565967}</UniqueIdentifier>
    </Filter>
  </ItemGroup>
  <ItemGroup>
    <ClCompile Include="code\audio\audioGenerator.cpp">
      <Filter>Source Files\audio</Filter>
    </ClCompile>
    <ClCompile Include="code\audio\audioHandler.cpp">
      <Filter>Source Files\audio</Filter>
    </ClCompile>
    <ClCompile Include="code\audio\sineAudioGenerator.cpp">
      <Filter>Source Files\audio</Filter>
    </ClCompile>
    <ClCompile Include="code\audio\audioUtility.cpp">
      <Filter>Source Files\audio</Filter>
    </ClCompile>
    <ClCompile Include="code\audio\midiHandler.cpp">
      <Filter>Source Files\audio</Filter>
    </ClCompile>
    <ClCompile Include="code\graphics\debug.cpp">
      <Filter>Source Files\graphics</Filter>
    </ClCompile>
    <ClCompile Include="code\graphics\glfwCallbacks.cpp">
      <Filter>Source Files\graphics</Filter>
    </ClCompile>
    <ClCompile Include="code\graphics\input.cpp">
      <Filter>Source Files\graphics</Filter>
    </ClCompile>
    <ClCompile Include="code\graphics\quad.cpp">
      <Filter>Source Files\graphics</Filter>
    </ClCompile>
    <ClCompile Include="code\graphics\shader.cpp">
      <Filter>Source Files\graphics</Filter>
    </ClCompile>
    <ClCompile Include="code\graphics\stbImage.cpp">
      <Filter>Source Files\graphics</Filter>
    </ClCompile>
    <ClCompile Include="code\graphics\texture.cpp">
      <Filter>Source Files\graphics</Filter>
    </ClCompile>
    <ClCompile Include="code\graphics\textureSet.cpp">
      <Filter>Source Files\graphics</Filter>
    </ClCompile>
    <ClCompile Include="code\graphics\time.cpp">
      <Filter>Source Files\graphics</Filter>
    </ClCompile>
    <ClCompile Include="code\graphics\window.cpp">
      <Filter>Source Files\graphics</Filter>
    </ClCompile>
    <ClCompile Include="code\main.cpp">
      <Filter>Source Files</Filter>
    </ClCompile>
    <ClCompile Include="code\graphics\gui.cpp">
      <Filter>Source Files\graphics</Filter>
    </ClCompile>
    <ClCompile Include="code\graphics\vec2.cpp">
      <Filter>Source Files\graphics</Filter>
    </ClCompile>
    <ClCompile Include="code\control.cpp">
      <Filter>Source Files</Filter>
    </ClCompile>
    <ClCompile Include="code\graphics\knob.cpp">
      <Filter>Source Files\graphics</Filter>
    </ClCompile>
    <ClCompile Include="code\utility.cpp">
      <Filter>Source Files</Filter>
    </ClCompile>
    <ClCompile Include="code\controls.cpp">
      <Filter>Source Files</Filter>
    </ClCompile>
    <ClCompile Include="code\audio\fmAudioGenerator.cpp">
      <Filter>Source Files\audio</Filter>
    </ClCompile>
  </ItemGroup>
  <ItemGroup>
    <ClInclude Include="code\audio\audio.hpp">
      <Filter>Header Files\audio</Filter>
    </ClInclude>
    <ClInclude Include="code\audio\audioGenerator.hpp">
      <Filter>Header Files\audio</Filter>
    </ClInclude>
    <ClInclude Include="code\audio\audioHandler.hpp">
      <Filter>Header Files\audio</Filter>
    </ClInclude>
    <ClInclude Include="code\audio\midi.hpp">
      <Filter>Header Files\audio</Filter>
    </ClInclude>
    <ClInclude Include="code\audio\midiHandler.hpp">
      <Filter>Header Files\audio</Filter>
    </ClInclude>
    <ClInclude Include="code\audio\shared.hpp">
      <Filter>Header Files\audio</Filter>
    </ClInclude>
    <ClInclude Include="code\audio\sineAudioGenerator.hpp">
      <Filter>Header Files\audio</Filter>
    </ClInclude>
    <ClInclude Include="code\audio\audioUtility.hpp">
      <Filter>Header Files\audio</Filter>
    </ClInclude>
    <ClInclude Include="code\graphics\debug.hpp">
      <Filter>Header Files\graphics</Filter>
    </ClInclude>
    <ClInclude Include="code\graphics\gl.hpp">
      <Filter>Header Files\graphics</Filter>
    </ClInclude>
    <ClInclude Include="code\graphics\glfw.hpp">
      <Filter>Header Files\graphics</Filter>
    </ClInclude>
    <ClInclude Include="code\graphics\glfwCallbacks.hpp">
      <Filter>Header Files\graphics</Filter>
    </ClInclude>
    <ClInclude Include="code\graphics\input.hpp">
      <Filter>Header Files\graphics</Filter>
    </ClInclude>
    <ClInclude Include="code\graphics\quad.hpp">
      <Filter>Header Files\graphics</Filter>
    </ClInclude>
    <ClInclude Include="code\graphics\shader.hpp">
      <Filter>Header Files\graphics</Filter>
    </ClInclude>
    <ClInclude Include="code\graphics\texture.hpp">
      <Filter>Header Files\graphics</Filter>
    </ClInclude>
    <ClInclude Include="code\graphics\textureSet.hpp">
      <Filter>Header Files\graphics</Filter>
    </ClInclude>
    <ClInclude Include="code\graphics\time.hpp">
      <Filter>Header Files\graphics</Filter>
    </ClInclude>
    <ClInclude Include="code\graphics\window.hpp">
      <Filter>Header Files\graphics</Filter>
    </ClInclude>
    <ClInclude Include="code\graphics\gui.hpp">
      <Filter>Header Files\graphics</Filter>
    </ClInclude>
    <ClInclude Include="code\graphics\vec2.hpp">
      <Filter>Header Files\graphics</Filter>
    </ClInclude>
    <ClInclude Include="code\control.hpp">
      <Filter>Header Files</Filter>
    </ClInclude>
    <ClInclude Include="code\graphics\knob.hpp">
      <Filter>Header Files\graphics</Filter>
    </ClInclude>
    <ClInclude Include="code\controls.hpp">
      <Filter>Header Files</Filter>
    </ClInclude>
    <ClInclude Include="code\audio\fmAudioGenerator.hpp">
      <Filter>Header Files\audio</Filter>
    </ClInclude>
    <ClInclude Include="code\utility.hpp">
      <Filter>Header Files</Filter>
    </ClInclude>
  </ItemGroup>
  <ItemGroup>
    <None Include="shaders\color.glsl">
      <Filter>Resource Files\shaders</Filter>
    </None>
    <None Include="shaders\guiColor.glsl">
      <Filter>Resource Files\shaders</Filter>
    </None>
  </ItemGroup>
</Project>